
Microsoft Visual Studio Solution File, Format Version 12.00
# Visual Studio Version 17
VisualStudioVersion = 17.8.34511.84
MinimumVisualStudioVersion = 10.0.40219.1
Project("{FAE04EC0-301F-11D3-BF4B-00C04F79EFBC}") = "POO_ScreenSound", "POO_ScreenSound\POO_ScreenSound.csproj", "{7E603D83-A10B-428A-8ACF-C3E82BFC6F9E}"
EndProject
Global
	GlobalSection(SolutionConfigurationPlatforms) = preSolution
		Debug|Any CPU = Debug|Any CPU
		Release|Any CPU = Release|Any CPU
	EndGlobalSection
	GlobalSection(ProjectConfigurationPlatforms) = postSolution
		{7E603D83-A10B-428A-8ACF-C3E82BFC6F9E}.Debug|Any CPU.ActiveCfg = Debug|Any CPU
		{7E603D83-A10B-428A-8ACF-C3E82BFC6F9E}.Debug|Any CPU.Build.0 = Debug|Any CPU
		{7E603D83-A10B-428A-8ACF-C3E82BFC6F9E}.Release|Any CPU.ActiveCfg = Release|Any CPU
		{7E603D83-A10B-428A-8ACF-C3E82BFC6F9E}.Release|Any CPU.Build.0 = Release|Any CPU
	EndGlobalSection
	GlobalSection(SolutionProperties) = preSolution
		HideSolutionNode = FALSE
	EndGlobalSection
	GlobalSection(ExtensibilityGlobals) = postSolution
		SolutionGuid = {8E872C57-AFC0-4CB5-B631-CF51FC0412D8}
	EndGlobalSection
EndGlobal
